
Microsoft Visual Studio Solution File, Format Version 12.00
# Visual Studio Version 17
VisualStudioVersion = 17.1.32228.430
MinimumVisualStudioVersion = 10.0.40219.1
Project("{9A19103F-16F7-4668-BE54-9A1E7A4F7556}") = "DL", "DL\DL.csproj", "{78D898CD-70E9-40AE-9C10-2EE00C0ABD61}"
EndProject
Project("{9A19103F-16F7-4668-BE54-9A1E7A4F7556}") = "ML", "ML\ML.csproj", "{784D83A2-3083-4E17-8943-9AD13DBD3928}"
EndProject
Project("{9A19103F-16F7-4668-BE54-9A1E7A4F7556}") = "BL", "BL\BL.csproj", "{293EF40D-E69D-45F9-931B-7A66C093310C}"
EndProject
Project("{9A19103F-16F7-4668-BE54-9A1E7A4F7556}") = "SL", "SL\SL.csproj", "{83F4D0BE-B0BB-4C5B-8CD5-F57A3DD6E8C4}"
EndProject
Project("{FAE04EC0-301F-11D3-BF4B-00C04F79EFBC}") = "PL", "PL\PL.csproj", "{3BC655F5-DDCA-40DB-9F7B-075F35984668}"
EndProject
Global
	GlobalSection(SolutionConfigurationPlatforms) = preSolution
		Debug|Any CPU = Debug|Any CPU
		Release|Any CPU = Release|Any CPU
	EndGlobalSection
	GlobalSection(ProjectConfigurationPlatforms) = postSolution
		{78D898CD-70E9-40AE-9C10-2EE00C0ABD61}.Debug|Any CPU.ActiveCfg = Debug|Any CPU
		{78D898CD-70E9-40AE-9C10-2EE00C0ABD61}.Debug|Any CPU.Build.0 = Debug|Any CPU
		{78D898CD-70E9-40AE-9C10-2EE00C0ABD61}.Release|Any CPU.ActiveCfg = Release|Any CPU
		{78D898CD-70E9-40AE-9C10-2EE00C0ABD61}.Release|Any CPU.Build.0 = Release|Any CPU
		{784D83A2-3083-4E17-8943-9AD13DBD3928}.Debug|Any CPU.ActiveCfg = Debug|Any CPU
		{784D83A2-3083-4E17-8943-9AD13DBD3928}.Debug|Any CPU.Build.0 = Debug|Any CPU
		{784D83A2-3083-4E17-8943-9AD13DBD3928}.Release|Any CPU.ActiveCfg = Release|Any CPU
		{784D83A2-3083-4E17-8943-9AD13DBD3928}.Release|Any CPU.Build.0 = Release|Any CPU
		{293EF40D-E69D-45F9-931B-7A66C093310C}.Debug|Any CPU.ActiveCfg = Debug|Any CPU
		{293EF40D-E69D-45F9-931B-7A66C093310C}.Debug|Any CPU.Build.0 = Debug|Any CPU
		{293EF40D-E69D-45F9-931B-7A66C093310C}.Release|Any CPU.ActiveCfg = Release|Any CPU
		{293EF40D-E69D-45F9-931B-7A66C093310C}.Release|Any CPU.Build.0 = Release|Any CPU
		{83F4D0BE-B0BB-4C5B-8CD5-F57A3DD6E8C4}.Debug|Any CPU.ActiveCfg = Debug|Any CPU
		{83F4D0BE-B0BB-4C5B-8CD5-F57A3DD6E8C4}.Debug|Any CPU.Build.0 = Debug|Any CPU
		{83F4D0BE-B0BB-4C5B-8CD5-F57A3DD6E8C4}.Release|Any CPU.ActiveCfg = Release|Any CPU
		{83F4D0BE-B0BB-4C5B-8CD5-F57A3DD6E8C4}.Release|Any CPU.Build.0 = Release|Any CPU
		{3BC655F5-DDCA-40DB-9F7B-075F35984668}.Debug|Any CPU.ActiveCfg = Debug|Any CPU
		{3BC655F5-DDCA-40DB-9F7B-075F35984668}.Debug|Any CPU.Build.0 = Debug|Any CPU
		{3BC655F5-DDCA-40DB-9F7B-075F35984668}.Release|Any CPU.ActiveCfg = Release|Any CPU
		{3BC655F5-DDCA-40DB-9F7B-075F35984668}.Release|Any CPU.Build.0 = Release|Any CPU
	EndGlobalSection
	GlobalSection(SolutionProperties) = preSolution
		HideSolutionNode = FALSE
	EndGlobalSection
	GlobalSection(ExtensibilityGlobals) = postSolution
		SolutionGuid = {584BA26E-6E93-4CF4-9252-27082AD6B840}
	EndGlobalSection
EndGlobal
